// !$*UTF8*$!
{
	archiveVersion = 1;
	classes = {
	};
	objectVersion = 56;
	objects = {

/* Begin PBXBuildFile section */
		65B80BCD28FD235200D93F4D /* MusicCollectionViewCell.swift in Sources */ = {isa = PBXBuildFile; fileRef = 65B80BCC28FD235200D93F4D /* MusicCollectionViewCell.swift */; };
		65D177C328FAB52E00C491D9 /* AppDelegate.swift in Sources */ = {isa = PBXBuildFile; fileRef = 65D177C228FAB52E00C491D9 /* AppDelegate.swift */; };
		65D177C528FAB52E00C491D9 /* SceneDelegate.swift in Sources */ = {isa = PBXBuildFile; fileRef = 65D177C428FAB52E00C491D9 /* SceneDelegate.swift */; };
		65D177C728FAB52E00C491D9 /* ViewController.swift in Sources */ = {isa = PBXBuildFile; fileRef = 65D177C628FAB52E00C491D9 /* ViewController.swift */; };
		65D177CD28FAB52E00C491D9 /* MusicApp.xcdatamodeld in Sources */ = {isa = PBXBuildFile; fileRef = 65D177CB28FAB52E00C491D9 /* MusicApp.xcdatamodeld */; };
		65D177CF28FAB52F00C491D9 /* Assets.xcassets in Resources */ = {isa = PBXBuildFile; fileRef = 65D177CE28FAB52F00C491D9 /* Assets.xcassets */; };
		65D177D228FAB52F00C491D9 /* LaunchScreen.storyboard in Resources */ = {isa = PBXBuildFile; fileRef = 65D177D028FAB52F00C491D9 /* LaunchScreen.storyboard */; };
		65D177DA28FAB54700C491D9 /* Constants.swift in Sources */ = {isa = PBXBuildFile; fileRef = 65D177D928FAB54700C491D9 /* Constants.swift */; };
		65D177DC28FABCF300C491D9 /* MusicData.swift in Sources */ = {isa = PBXBuildFile; fileRef = 65D177DB28FABCF300C491D9 /* MusicData.swift */; };
		65D177DE28FAC17600C491D9 /* NetworkManager.swift in Sources */ = {isa = PBXBuildFile; fileRef = 65D177DD28FAC17600C491D9 /* NetworkManager.swift */; };
		65D177E028FAC37600C491D9 /* MusicTableViewCell.swift in Sources */ = {isa = PBXBuildFile; fileRef = 65D177DF28FAC37600C491D9 /* MusicTableViewCell.swift */; };
		65D1780728FB030800C491D9 /* UIImageView.swift in Sources */ = {isa = PBXBuildFile; fileRef = 65D1780628FB030700C491D9 /* UIImageView.swift */; };
		65D1780B28FB10EF00C491D9 /* PreviewViewController.swift in Sources */ = {isa = PBXBuildFile; fileRef = 65D1780A28FB10EE00C491D9 /* PreviewViewController.swift */; };
		65D1785D28FD08E900C491D9 /* CollectionViewController.swift in Sources */ = {isa = PBXBuildFile; fileRef = 65D1785C28FD08E900C491D9 /* CollectionViewController.swift */; };
/* End PBXBuildFile section */

/* Begin PBXFileReference section */
		65B80BCC28FD235200D93F4D /* MusicCollectionViewCell.swift */ = {isa = PBXFileReference; lastKnownFileType = sourcecode.swift; path = MusicCollectionViewCell.swift; sourceTree = "<group>"; };
		65D177BF28FAB52E00C491D9 /* MusicApp.app */ = {isa = PBXFileReference; explicitFileType = wrapper.application; includeInIndex = 0; path = MusicApp.app; sourceTree = BUILT_PRODUCTS_DIR; };
		65D177C228FAB52E00C491D9 /* AppDelegate.swift */ = {isa = PBXFileReference; lastKnownFileType = sourcecode.swift; path = AppDelegate.swift; sourceTree = "<group>"; };
		65D177C428FAB52E00C491D9 /* SceneDelegate.swift */ = {isa = PBXFileReference; lastKnownFileType = sourcecode.swift; path = SceneDelegate.swift; sourceTree = "<group>"; };
		65D177C628FAB52E00C491D9 /* ViewController.swift */ = {isa = PBXFileReference; lastKnownFileType = sourcecode.swift; path = ViewController.swift; sourceTree = "<group>"; };
		65D177CC28FAB52E00C491D9 /* MusicApp.xcdatamodel */ = {isa = PBXFileReference; lastKnownFileType = wrapper.xcdatamodel; path = MusicApp.xcdatamodel; sourceTree = "<group>"; };
		65D177CE28FAB52F00C491D9 /* Assets.xcassets */ = {isa = PBXFileReference; lastKnownFileType = folder.assetcatalog; path = Assets.xcassets; sourceTree = "<group>"; };
		65D177D128FAB52F00C491D9 /* Base */ = {isa = PBXFileReference; lastKnownFileType = file.storyboard; name = Base; path = Base.lproj/LaunchScreen.storyboard; sourceTree = "<group>"; };
		65D177D328FAB52F00C491D9 /* Info.plist */ = {isa = PBXFileReference; lastKnownFileType = text.plist.xml; path = Info.plist; sourceTree = "<group>"; };
		65D177D928FAB54700C491D9 /* Constants.swift */ = {isa = PBXFileReference; lastKnownFileType = sourcecode.swift; path = Constants.swift; sourceTree = "<group>"; };
		65D177DB28FABCF300C491D9 /* MusicData.swift */ = {isa = PBXFileReference; lastKnownFileType = sourcecode.swift; path = MusicData.swift; sourceTree = "<group>"; };
		65D177DD28FAC17600C491D9 /* NetworkManager.swift */ = {isa = PBXFileReference; lastKnownFileType = sourcecode.swift; path = NetworkManager.swift; sourceTree = "<group>"; };
		65D177DF28FAC37600C491D9 /* MusicTableViewCell.swift */ = {isa = PBXFileReference; lastKnownFileType = sourcecode.swift; path = MusicTableViewCell.swift; sourceTree = "<group>"; };
		65D1780628FB030700C491D9 /* UIImageView.swift */ = {isa = PBXFileReference; lastKnownFileType = sourcecode.swift; path = UIImageView.swift; sourceTree = "<group>"; };
		65D1780A28FB10EE00C491D9 /* PreviewViewController.swift */ = {isa = PBXFileReference; lastKnownFileType = sourcecode.swift; path = PreviewViewController.swift; sourceTree = "<group>"; };
		65D1785C28FD08E900C491D9 /* CollectionViewController.swift */ = {isa = PBXFileReference; lastKnownFileType = sourcecode.swift; path = CollectionViewController.swift; sourceTree = "<group>"; };
/* End PBXFileReference section */

/* Begin PBXFrameworksBuildPhase section */
		65D177BC28FAB52E00C491D9 /* Frameworks */ = {
			isa = PBXFrameworksBuildPhase;
			buildActionMask = 2147483647;
			files = (
			);
			runOnlyForDeploymentPostprocessing = 0;
		};
/* End PBXFrameworksBuildPhase section */

/* Begin PBXGroup section */
		6581AEF3290013F900BA46C2 /* Helper */ = {
			isa = PBXGroup;
			children = (
				65D177D928FAB54700C491D9 /* Constants.swift */,
			);
			path = Helper;
			sourceTree = "<group>";
		};
		6581AEF42900140600BA46C2 /* Models */ = {
			isa = PBXGroup;
			children = (
				65D177DB28FABCF300C491D9 /* MusicData.swift */,
			);
			path = Models;
			sourceTree = "<group>";
		};
		6581AEF52900141400BA46C2 /* NetworkManager */ = {
			isa = PBXGroup;
			children = (
				65D177DD28FAC17600C491D9 /* NetworkManager.swift */,
			);
			path = NetworkManager;
			sourceTree = "<group>";
		};
		6581AEF62900142A00BA46C2 /* Views */ = {
			isa = PBXGroup;
			children = (
				65D177DF28FAC37600C491D9 /* MusicTableViewCell.swift */,
				65B80BCC28FD235200D93F4D /* MusicCollectionViewCell.swift */,
			);
			path = Views;
			sourceTree = "<group>";
		};
		6581AEF72900142F00BA46C2 /* Controllers */ = {
			isa = PBXGroup;
			children = (
				65D177C628FAB52E00C491D9 /* ViewController.swift */,
				65D1785C28FD08E900C491D9 /* CollectionViewController.swift */,
				65D1780A28FB10EE00C491D9 /* PreviewViewController.swift */,
			);
			path = Controllers;
			sourceTree = "<group>";
		};
		6581AEF82900146500BA46C2 /* Extenstion */ = {
			isa = PBXGroup;
			children = (
				65D1780628FB030700C491D9 /* UIImageView.swift */,
			);
			path = Extenstion;
			sourceTree = "<group>";
		};
		65D177B628FAB52E00C491D9 = {
			isa = PBXGroup;
			children = (
				65D177C128FAB52E00C491D9 /* MusicApp */,
				65D177C028FAB52E00C491D9 /* Products */,
			);
			sourceTree = "<group>";
		};
		65D177C028FAB52E00C491D9 /* Products */ = {
			isa = PBXGroup;
			children = (
				65D177BF28FAB52E00C491D9 /* MusicApp.app */,
			);
			name = Products;
			sourceTree = "<group>";
		};
		65D177C128FAB52E00C491D9 /* MusicApp */ = {
			isa = PBXGroup;
			children = (
				65D177C228FAB52E00C491D9 /* AppDelegate.swift */,
				65D177C428FAB52E00C491D9 /* SceneDelegate.swift */,
				6581AEF3290013F900BA46C2 /* Helper */,
				6581AEF52900141400BA46C2 /* NetworkManager */,
				6581AEF42900140600BA46C2 /* Models */,
				6581AEF62900142A00BA46C2 /* Views */,
				6581AEF72900142F00BA46C2 /* Controllers */,
				6581AEF82900146500BA46C2 /* Extenstion */,
				65D177CE28FAB52F00C491D9 /* Assets.xcassets */,
				65D177D028FAB52F00C491D9 /* LaunchScreen.storyboard */,
				65D177D328FAB52F00C491D9 /* Info.plist */,
				65D177CB28FAB52E00C491D9 /* MusicApp.xcdatamodeld */,
			);
			path = MusicApp;
			sourceTree = "<group>";
		};
/* End PBXGroup section */

/* Begin PBXNativeTarget section */
		65D177BE28FAB52E00C491D9 /* MusicApp */ = {
			isa = PBXNativeTarget;
			buildConfigurationList = 65D177D628FAB52F00C491D9 /* Build configuration list for PBXNativeTarget "MusicApp" */;
			buildPhases = (
				65D177BB28FAB52E00C491D9 /* Sources */,
				65D177BC28FAB52E00C491D9 /* Frameworks */,
				65D177BD28FAB52E00C491D9 /* Resources */,
			);
			buildRules = (
			);
			dependencies = (
			);
			name = MusicApp;
			productName = MusicApp;
			productReference = 65D177BF28FAB52E00C491D9 /* MusicApp.app */;
			productType = "com.apple.product-type.application";
		};
/* End PBXNativeTarget section */

/* Begin PBXProject section */
		65D177B728FAB52E00C491D9 /* Project object */ = {
			isa = PBXProject;
			attributes = {
				BuildIndependentTargetsInParallel = 1;
				LastSwiftUpdateCheck = 1400;
				LastUpgradeCheck = 1400;
				TargetAttributes = {
					65D177BE28FAB52E00C491D9 = {
						CreatedOnToolsVersion = 14.0.1;
					};
				};
			};
			buildConfigurationList = 65D177BA28FAB52E00C491D9 /* Build configuration list for PBXProject "MusicApp" */;
			compatibilityVersion = "Xcode 14.0";
			developmentRegion = en;
			hasScannedForEncodings = 0;
			knownRegions = (
				en,
				Base,
			);
			mainGroup = 65D177B628FAB52E00C491D9;
			productRefGroup = 65D177C028FAB52E00C491D9 /* Products */;
			projectDirPath = "";
			projectRoot = "";
			targets = (
				65D177BE28FAB52E00C491D9 /* MusicApp */,
			);
		};
/* End PBXProject section */

/* Begin PBXResourcesBuildPhase section */
		65D177BD28FAB52E00C491D9 /* Resources */ = {
			isa = PBXResourcesBuildPhase;
			buildActionMask = 2147483647;
			files = (
				65D177D228FAB52F00C491D9 /* LaunchScreen.storyboard in Resources */,
				65D177CF28FAB52F00C491D9 /* Assets.xcassets in Resources */,
			);
			runOnlyForDeploymentPostprocessing = 0;
		};
/* End PBXResourcesBuildPhase section */

/* Begin PBXSourcesBuildPhase section */
		65D177BB28FAB52E00C491D9 /* Sources */ = {
			isa = PBXSourcesBuildPhase;
			buildActionMask = 2147483647;
			files = (
				65D177DA28FAB54700C491D9 /* Constants.swift in Sources */,
				65D177C728FAB52E00C491D9 /* ViewController.swift in Sources */,
				65D177C328FAB52E00C491D9 /* AppDelegate.swift in Sources */,
				65D177DE28FAC17600C491D9 /* NetworkManager.swift in Sources */,
				65B80BCD28FD235200D93F4D /* MusicCollectionViewCell.swift in Sources */,
				65D1780B28FB10EF00C491D9 /* PreviewViewController.swift in Sources */,
				65D177C528FAB52E00C491D9 /* SceneDelegate.swift in Sources */,
				65D1780728FB030800C491D9 /* UIImageView.swift in Sources */,
				65D177CD28FAB52E00C491D9 /* MusicApp.xcdatamodeld in Sources */,
				65D177DC28FABCF300C491D9 /* MusicData.swift in Sources */,
				65D177E028FAC37600C491D9 /* MusicTableViewCell.swift in Sources */,
				65D1785D28FD08E900C491D9 /* CollectionViewController.swift in Sources */,
			);
			runOnlyForDeploymentPostprocessing = 0;
		};
/* End PBXSourcesBuildPhase section */

/* Begin PBXVariantGroup section */
		65D177D028FAB52F00C491D9 /* LaunchScreen.storyboard */ = {
			isa = PBXVariantGroup;
			children = (
				65D177D128FAB52F00C491D9 /* Base */,
			);
			name = LaunchScreen.storyboard;
			sourceTree = "<group>";
		};
/* End PBXVariantGroup section */

/* Begin XCBuildConfiguration section */
		65D177D428FAB52F00C491D9 /* Debug */ = {
			isa = XCBuildConfiguration;
			buildSettings = {
				ALWAYS_SEARCH_USER_PATHS = NO;
				CLANG_ANALYZER_NONNULL = YES;
				CLANG_ANALYZER_NUMBER_OBJECT_CONVERSION = YES_AGGRESSIVE;
				CLANG_CXX_LANGUAGE_STANDARD = "gnu++20";
				CLANG_ENABLE_MODULES = YES;
				CLANG_ENABLE_OBJC_ARC = YES;
				CLANG_ENABLE_OBJC_WEAK = YES;
				CLANG_WARN_BLOCK_CAPTURE_AUTORELEASING = YES;
				CLANG_WARN_BOOL_CONVERSION = YES;
				CLANG_WARN_COMMA = YES;
				CLANG_WARN_CONSTANT_CONVERSION = YES;
				CLANG_WARN_DEPRECATED_OBJC_IMPLEMENTATIONS = YES;
				CLANG_WARN_DIRECT_OBJC_ISA_USAGE = YES_ERROR;
				CLANG_WARN_DOCUMENTATION_COMMENTS = YES;
				CLANG_WARN_EMPTY_BODY = YES;
				CLANG_WARN_ENUM_CONVERSION = YES;
				CLANG_WARN_INFINITE_RECURSION = YES;
				CLANG_WARN_INT_CONVERSION = YES;
				CLANG_WARN_NON_LITERAL_NULL_CONVERSION = YES;
				CLANG_WARN_OBJC_IMPLICIT_RETAIN_SELF = YES;
				CLANG_WARN_OBJC_LITERAL_CONVERSION = YES;
				CLANG_WARN_OBJC_ROOT_CLASS = YES_ERROR;
				CLANG_WARN_QUOTED_INCLUDE_IN_FRAMEWORK_HEADER = YES;
				CLANG_WARN_RANGE_LOOP_ANALYSIS = YES;
				CLANG_WARN_STRICT_PROTOTYPES = YES;
				CLANG_WARN_SUSPICIOUS_MOVE = YES;
				CLANG_WARN_UNGUARDED_AVAILABILITY = YES_AGGRESSIVE;
				CLANG_WARN_UNREACHABLE_CODE = YES;
				CLANG_WARN__DUPLICATE_METHOD_MATCH = YES;
				COPY_PHASE_STRIP = NO;
				DEBUG_INFORMATION_FORMAT = dwarf;
				ENABLE_STRICT_OBJC_MSGSEND = YES;
				ENABLE_TESTABILITY = YES;
				GCC_C_LANGUAGE_STANDARD = gnu11;
				GCC_DYNAMIC_NO_PIC = NO;
				GCC_NO_COMMON_BLOCKS = YES;
				GCC_OPTIMIZATION_LEVEL = 0;
				GCC_PREPROCESSOR_DEFINITIONS = (
					"DEBUG=1",
					"$(inherited)",
				);
				GCC_WARN_64_TO_32_BIT_CONVERSION = YES;
				GCC_WARN_ABOUT_RETURN_TYPE = YES_ERROR;
				GCC_WARN_UNDECLARED_SELECTOR = YES;
				GCC_WARN_UNINITIALIZED_AUTOS = YES_AGGRESSIVE;
				GCC_WARN_UNUSED_FUNCTION = YES;
				GCC_WARN_UNUSED_VARIABLE = YES;
				IPHONEOS_DEPLOYMENT_TARGET = 16.0;
				MTL_ENABLE_DEBUG_INFO = INCLUDE_SOURCE;
				MTL_FAST_MATH = YES;
				ONLY_ACTIVE_ARCH = YES;
				SDKROOT = iphoneos;
				SWIFT_ACTIVE_COMPILATION_CONDITIONS = DEBUG;
				SWIFT_OPTIMIZATION_LEVEL = "-Onone";
			};
			name = Debug;
		};
		65D177D528FAB52F00C491D9 /* Release */ = {
			isa = XCBuildConfiguration;
			buildSettings = {
				ALWAYS_SEARCH_USER_PATHS = NO;
				CLANG_ANALYZER_NONNULL = YES;
				CLANG_ANALYZER_NUMBER_OBJECT_CONVERSION = YES_AGGRESSIVE;
				CLANG_CXX_LANGUAGE_STANDARD = "gnu++20";
				CLANG_ENABLE_MODULES = YES;
				CLANG_ENABLE_OBJC_ARC = YES;
				CLANG_ENABLE_OBJC_WEAK = YES;
				CLANG_WARN_BLOCK_CAPTURE_AUTORELEASING = YES;
				CLANG_WARN_BOOL_CONVERSION = YES;
				CLANG_WARN_COMMA = YES;
				CLANG_WARN_CONSTANT_CONVERSION = YES;
				CLANG_WARN_DEPRECATED_OBJC_IMPLEMENTATIONS = YES;
				CLANG_WARN_DIRECT_OBJC_ISA_USAGE = YES_ERROR;
				CLANG_WARN_DOCUMENTATION_COMMENTS = YES;
				CLANG_WARN_EMPTY_BODY = YES;
				CLANG_WARN_ENUM_CONVERSION = YES;
				CLANG_WARN_INFINITE_RECURSION = YES;
				CLANG_WARN_INT_CONVERSION = YES;
				CLANG_WARN_NON_LITERAL_NULL_CONVERSION = YES;
				CLANG_WARN_OBJC_IMPLICIT_RETAIN_SELF = YES;
				CLANG_WARN_OBJC_LITERAL_CONVERSION = YES;
				CLANG_WARN_OBJC_ROOT_CLASS = YES_ERROR;
				CLANG_WARN_QUOTED_INCLUDE_IN_FRAMEWORK_HEADER = YES;
				CLANG_WARN_RANGE_LOOP_ANALYSIS = YES;
				CLANG_WARN_STRICT_PROTOTYPES = YES;
				CLANG_WARN_SUSPICIOUS_MOVE = YES;
				CLANG_WARN_UNGUARDED_AVAILABILITY = YES_AGGRESSIVE;
				CLANG_WARN_UNREACHABLE_CODE = YES;
				CLANG_WARN__DUPLICATE_METHOD_MATCH = YES;
				COPY_PHASE_STRIP = NO;
				DEBUG_INFORMATION_FORMAT = "dwarf-with-dsym";
				ENABLE_NS_ASSERTIONS = NO;
				ENABLE_STRICT_OBJC_MSGSEND = YES;
				GCC_C_LANGUAGE_STANDARD = gnu11;
				GCC_NO_COMMON_BLOCKS = YES;
				GCC_WARN_64_TO_32_BIT_CONVERSION = YES;
				GCC_WARN_ABOUT_RETURN_TYPE = YES_ERROR;
				GCC_WARN_UNDECLARED_SELECTOR = YES;
				GCC_WARN_UNINITIALIZED_AUTOS = YES_AGGRESSIVE;
				GCC_WARN_UNUSED_FUNCTION = YES;
				GCC_WARN_UNUSED_VARIABLE = YES;
				IPHONEOS_DEPLOYMENT_TARGET = 16.0;
				MTL_ENABLE_DEBUG_INFO = NO;
				MTL_FAST_MATH = YES;
				SDKROOT = iphoneos;
				SWIFT_COMPILATION_MODE = wholemodule;
				SWIFT_OPTIMIZATION_LEVEL = "-O";
				VALIDATE_PRODUCT = YES;
			};
			name = Release;
		};
		65D177D728FAB52F00C491D9 /* Debug */ = {
			isa = XCBuildConfiguration;
			buildSettings = {
				ASSETCATALOG_COMPILER_APPICON_NAME = AppIcon;
				ASSETCATALOG_COMPILER_GLOBAL_ACCENT_COLOR_NAME = AccentColor;
				CODE_SIGN_STYLE = Automatic;
				CURRENT_PROJECT_VERSION = 1;
				GENERATE_INFOPLIST_FILE = YES;
				INFOPLIST_FILE = MusicApp/Info.plist;
				INFOPLIST_KEY_UIApplicationSupportsIndirectInputEvents = YES;
				INFOPLIST_KEY_UILaunchStoryboardName = LaunchScreen;
				INFOPLIST_KEY_UIMainStoryboardFile = "";
				INFOPLIST_KEY_UIStatusBarStyle = "";
				INFOPLIST_KEY_UISupportedInterfaceOrientations = UIInterfaceOrientationPortrait;
				INFOPLIST_KEY_UISupportedInterfaceOrientations_iPad = "UIInterfaceOrientationLandscapeLeft UIInterfaceOrientationLandscapeRight UIInterfaceOrientationPortrait UIInterfaceOrientationPortraitUpsideDown";
				IPHONEOS_DEPLOYMENT_TARGET = 14.0;
				LD_RUNPATH_SEARCH_PATHS = (
					"$(inherited)",
					"@executable_path/Frameworks",
				);
				MARKETING_VERSION = 1.0;
				PRODUCT_BUNDLE_IDENTIFIER = io.github.lucidwild.MusicApp;
				PRODUCT_NAME = "$(TARGET_NAME)";
				SWIFT_EMIT_LOC_STRINGS = YES;
				SWIFT_VERSION = 5.0;
				TARGETED_DEVICE_FAMILY = "1,2";
			};
			name = Debug;
		};
		65D177D828FAB52F00C491D9 /* Release */ = {
			isa = XCBuildConfiguration;
			buildSettings = {
				ASSETCATALOG_COMPILER_APPICON_NAME = AppIcon;
				ASSETCATALOG_COMPILER_GLOBAL_ACCENT_COLOR_NAME = AccentColor;
				CODE_SIGN_STYLE = Automatic;
				CURRENT_PROJECT_VERSION = 1;
				GENERATE_INFOPLIST_FILE = YES;
				INFOPLIST_FILE = MusicApp/Info.plist;
				INFOPLIST_KEY_UIApplicationSupportsIndirectInputEvents = YES;
				INFOPLIST_KEY_UILaunchStoryboardName = LaunchScreen;
				INFOPLIST_KEY_UIMainStoryboardFile = "";
				INFOPLIST_KEY_UIStatusBarStyle = "";
				INFOPLIST_KEY_UISupportedInterfaceOrientations = UIInterfaceOrientationPortrait;
				INFOPLIST_KEY_UISupportedInterfaceOrientations_iPad = "UIInterfaceOrientationLandscapeLeft UIInterfaceOrientationLandscapeRight UIInterfaceOrientationPortrait UIInterfaceOrientationPortraitUpsideDown";
				IPHONEOS_DEPLOYMENT_TARGET = 14.0;
				LD_RUNPATH_SEARCH_PATHS = (
					"$(inherited)",
					"@executable_path/Frameworks",
				);
				MARKETING_VERSION = 1.0;
				PRODUCT_BUNDLE_IDENTIFIER = io.github.lucidwild.MusicApp;
				PRODUCT_NAME = "$(TARGET_NAME)";
				SWIFT_EMIT_LOC_STRINGS = YES;
				SWIFT_VERSION = 5.0;
				TARGETED_DEVICE_FAMILY = "1,2";
			};
			name = Release;
		};
/* End XCBuildConfiguration section */

/* Begin XCConfigurationList section */
		65D177BA28FAB52E00C491D9 /* Build configuration list for PBXProject "MusicApp" */ = {
			isa = XCConfigurationList;
			buildConfigurations = (
				65D177D428FAB52F00C491D9 /* Debug */,
				65D177D528FAB52F00C491D9 /* Release */,
			);
			defaultConfigurationIsVisible = 0;
			defaultConfigurationName = Release;
		};
		65D177D628FAB52F00C491D9 /* Build configuration list for PBXNativeTarget "MusicApp" */ = {
			isa = XCConfigurationList;
			buildConfigurations = (
				65D177D728FAB52F00C491D9 /* Debug */,
				65D177D828FAB52F00C491D9 /* Release */,
			);
			defaultConfigurationIsVisible = 0;
			defaultConfigurationName = Release;
		};
/* End XCConfigurationList section */

/* Begin XCVersionGroup section */
		65D177CB28FAB52E00C491D9 /* MusicApp.xcdatamodeld */ = {
			isa = XCVersionGroup;
			children = (
				65D177CC28FAB52E00C491D9 /* MusicApp.xcdatamodel */,
			);
			currentVersion = 65D177CC28FAB52E00C491D9 /* MusicApp.xcdatamodel */;
			path = MusicApp.xcdatamodeld;
			sourceTree = "<group>";
			versionGroupType = wrapper.xcdatamodel;
		};
/* End XCVersionGroup section */
	};
	rootObject = 65D177B728FAB52E00C491D9 /* Project object */;
}
